
Microsoft Visual Studio Solution File, Format Version 12.00
Project("{2150E333-8FDC-42A3-9474-1A3956D46DE8}") = "services", "services", "{F7FD7322-FF32-4193-8002-5E10865A2096}"
EndProject
Project("{FAE04EC0-301F-11D3-BF4B-00C04F79EFBC}") = "JiejieChenApp.HtmlDocx", "services\src\JiejieChenApp.HtmlDocx\JiejieChenApp.HtmlDocx.csproj", "{A6862DDD-6000-433D-A0D7-DCEEC426D460}"
EndProject
Global
	GlobalSection(SolutionConfigurationPlatforms) = preSolution
		Debug|Any CPU = Debug|Any CPU
		Release|Any CPU = Release|Any CPU
	EndGlobalSection
	GlobalSection(ProjectConfigurationPlatforms) = postSolution
		{A6862DDD-6000-433D-A0D7-DCEEC426D460}.Debug|Any CPU.ActiveCfg = Debug|Any CPU
		{A6862DDD-6000-433D-A0D7-DCEEC426D460}.Debug|Any CPU.Build.0 = Debug|Any CPU
		{A6862DDD-6000-433D-A0D7-DCEEC426D460}.Release|Any CPU.ActiveCfg = Release|Any CPU
		{A6862DDD-6000-433D-A0D7-DCEEC426D460}.Release|Any CPU.Build.0 = Release|Any CPU
	EndGlobalSection
	GlobalSection(NestedProjects) = preSolution
		{A6862DDD-6000-433D-A0D7-DCEEC426D460} = {F7FD7322-FF32-4193-8002-5E10865A2096}
	EndGlobalSection
EndGlobal
