
Microsoft Visual Studio Solution File, Format Version 12.00
Project("{2150E333-8FDC-42A3-9474-1A3956D46DE8}") = "services", "services", "{F7FD7322-FF32-4193-8002-5E10865A2096}"
EndProject
Project("{2150E333-8FDC-42A3-9474-1A3956D46DE8}") = "tests", "tests", "{BD701E52-6CA8-4F5A-87E0-EA1E60DEF4EF}"
EndProject
Project("{FAE04EC0-301F-11D3-BF4B-00C04F79EFBC}") = "JiejieChenApp.HtmlDocx.Tests", "test\JiejieChenApp.HtmlDocx.Tests\JiejieChenApp.HtmlDocx.Tests.csproj", "{300A0249-AFAD-4960-B013-B8F8E309F025}"
EndProject
Project("{FAE04EC0-301F-11D3-BF4B-00C04F79EFBC}") = "DemoApi.Domain", "DemoApi.Domain\DemoApi.Domain.csproj", "{169270A4-D2DC-472D-BB55-79BFEFD3B2F6}"
EndProject
Project("{FAE04EC0-301F-11D3-BF4B-00C04F79EFBC}") = "DemoApi.Data", "DemoApi.Data\DemoApi.Data.csproj", "{87E1C3C5-39B5-4525-978E-DCD92757EC27}"
EndProject
Project("{FAE04EC0-301F-11D3-BF4B-00C04F79EFBC}") = "DemoApi.WebApi", "DemoApi.WebApi\DemoApi.WebApi.csproj", "{81111A18-9053-4B02-81F2-7C1CBEBFD03E}"
EndProject
Project("{FAE04EC0-301F-11D3-BF4B-00C04F79EFBC}") = "DemoApi.WebApi.Tests", "test\DemoApi.WebApi.Tests\DemoApi.WebApi.Tests.csproj", "{AF7D339D-6BFD-4FD2-B27A-91F292F238DE}"
EndProject
Project("{FAE04EC0-301F-11D3-BF4B-00C04F79EFBC}") = "JiejieChenApp.HtmlDocx", "src\JiejieChenApp.HtmlDocx\JiejieChenApp.HtmlDocx.csproj", "{B061E7B7-1B63-479B-8F0B-CDB492650EB9}"
EndProject
Global
	GlobalSection(SolutionConfigurationPlatforms) = preSolution
		Debug|Any CPU = Debug|Any CPU
		Release|Any CPU = Release|Any CPU
	EndGlobalSection
	GlobalSection(ProjectConfigurationPlatforms) = postSolution
		{300A0249-AFAD-4960-B013-B8F8E309F025}.Debug|Any CPU.ActiveCfg = Debug|Any CPU
		{300A0249-AFAD-4960-B013-B8F8E309F025}.Debug|Any CPU.Build.0 = Debug|Any CPU
		{300A0249-AFAD-4960-B013-B8F8E309F025}.Release|Any CPU.ActiveCfg = Release|Any CPU
		{300A0249-AFAD-4960-B013-B8F8E309F025}.Release|Any CPU.Build.0 = Release|Any CPU
		{169270A4-D2DC-472D-BB55-79BFEFD3B2F6}.Debug|Any CPU.ActiveCfg = Debug|Any CPU
		{169270A4-D2DC-472D-BB55-79BFEFD3B2F6}.Debug|Any CPU.Build.0 = Debug|Any CPU
		{169270A4-D2DC-472D-BB55-79BFEFD3B2F6}.Release|Any CPU.ActiveCfg = Release|Any CPU
		{169270A4-D2DC-472D-BB55-79BFEFD3B2F6}.Release|Any CPU.Build.0 = Release|Any CPU
		{87E1C3C5-39B5-4525-978E-DCD92757EC27}.Debug|Any CPU.ActiveCfg = Debug|Any CPU
		{87E1C3C5-39B5-4525-978E-DCD92757EC27}.Debug|Any CPU.Build.0 = Debug|Any CPU
		{87E1C3C5-39B5-4525-978E-DCD92757EC27}.Release|Any CPU.ActiveCfg = Release|Any CPU
		{87E1C3C5-39B5-4525-978E-DCD92757EC27}.Release|Any CPU.Build.0 = Release|Any CPU
		{81111A18-9053-4B02-81F2-7C1CBEBFD03E}.Debug|Any CPU.ActiveCfg = Debug|Any CPU
		{81111A18-9053-4B02-81F2-7C1CBEBFD03E}.Debug|Any CPU.Build.0 = Debug|Any CPU
		{81111A18-9053-4B02-81F2-7C1CBEBFD03E}.Release|Any CPU.ActiveCfg = Release|Any CPU
		{81111A18-9053-4B02-81F2-7C1CBEBFD03E}.Release|Any CPU.Build.0 = Release|Any CPU
		{AF7D339D-6BFD-4FD2-B27A-91F292F238DE}.Debug|Any CPU.ActiveCfg = Debug|Any CPU
		{AF7D339D-6BFD-4FD2-B27A-91F292F238DE}.Debug|Any CPU.Build.0 = Debug|Any CPU
		{AF7D339D-6BFD-4FD2-B27A-91F292F238DE}.Release|Any CPU.ActiveCfg = Release|Any CPU
		{AF7D339D-6BFD-4FD2-B27A-91F292F238DE}.Release|Any CPU.Build.0 = Release|Any CPU
		{B061E7B7-1B63-479B-8F0B-CDB492650EB9}.Debug|Any CPU.ActiveCfg = Debug|Any CPU
		{B061E7B7-1B63-479B-8F0B-CDB492650EB9}.Debug|Any CPU.Build.0 = Debug|Any CPU
		{B061E7B7-1B63-479B-8F0B-CDB492650EB9}.Release|Any CPU.ActiveCfg = Release|Any CPU
		{B061E7B7-1B63-479B-8F0B-CDB492650EB9}.Release|Any CPU.Build.0 = Release|Any CPU
	EndGlobalSection
	GlobalSection(NestedProjects) = preSolution
		{300A0249-AFAD-4960-B013-B8F8E309F025} = {BD701E52-6CA8-4F5A-87E0-EA1E60DEF4EF}
		{169270A4-D2DC-472D-BB55-79BFEFD3B2F6} = {F7FD7322-FF32-4193-8002-5E10865A2096}
		{87E1C3C5-39B5-4525-978E-DCD92757EC27} = {F7FD7322-FF32-4193-8002-5E10865A2096}
		{81111A18-9053-4B02-81F2-7C1CBEBFD03E} = {F7FD7322-FF32-4193-8002-5E10865A2096}
		{AF7D339D-6BFD-4FD2-B27A-91F292F238DE} = {BD701E52-6CA8-4F5A-87E0-EA1E60DEF4EF}
		{B061E7B7-1B63-479B-8F0B-CDB492650EB9} = {F7FD7322-FF32-4193-8002-5E10865A2096}
	EndGlobalSection
EndGlobal
